{
  "name": "web",
  "version": "1.0.0",
  "lockfileVersion": 3,
  "requires": true,
  "packages": {
    "": {
      "name": "web",
      "version": "1.0.0",
      "license": "ISC",
      "devDependencies": {
        "@types/downloadjs": "^1.4.6",
        "@types/js-cookie": "^3.0.6"
      }
    },
    "node_modules/@types/downloadjs": {
      "version": "1.4.6",
      "resolved": "https://registry.npmjs.org/@types/downloadjs/-/downloadjs-1.4.6.tgz",
      "integrity": "sha512-mp3w70vsaiLRT9ix92fmI9Ob2yJAPZm6tShJtofo2uHbN11G2i6a0ApIEjBl/kv3e9V7Pv7jMjk1bUwYWvMHvA==",
      "dev": true
    },
    "node_modules/@types/js-cookie": {
      "version": "3.0.6",
      "resolved": "https://registry.npmjs.org/@types/js-cookie/-/js-cookie-3.0.6.tgz",
      "integrity": "sha512-wkw9yd1kEXOPnvEeEV1Go1MmxtBJL0RR79aOTAApecWFVu7w0NNXNqhcWgvw2YgZDYadliXkl14pa3WXw5jlCQ==",
      "dev": true
    }
  }
}
